
Microsoft Visual Studio Solution File, Format Version 12.00
# Visual Studio Version 17
VisualStudioVersion = 17.9.34607.119
MinimumVisualStudioVersion = 10.0.40219.1
Project("{FAE04EC0-301F-11D3-BF4B-00C04F79EFBC}") = "CapaPresentacionAdmin", "CapaPresentacionAdmin\CapaPresentacionAdmin.csproj", "{CF92954F-E78F-453B-9F1C-3E3C7E39A4AA}"
EndProject
Project("{FAE04EC0-301F-11D3-BF4B-00C04F79EFBC}") = "CapaPresentacionBiblioteca", "CapaPresentacionBiblioteca\CapaPresentacionBiblioteca.csproj", "{26D829C1-6722-4BA8-9DCB-4DCE6A735F07}"
EndProject
Project("{FAE04EC0-301F-11D3-BF4B-00C04F79EFBC}") = "CapaDatos", "CapaDatos\CapaDatos.csproj", "{57211EBE-5EB3-4D5E-A42D-27D9F3A30B6C}"
EndProject
Project("{FAE04EC0-301F-11D3-BF4B-00C04F79EFBC}") = "CapaEntidad", "CapaEntidad\CapaEntidad.csproj", "{EE0BBB1D-CDB7-4EDA-9694-72C7E86A152B}"
EndProject
Project("{FAE04EC0-301F-11D3-BF4B-00C04F79EFBC}") = "CapaNegocio", "CapaNegocio\CapaNegocio.csproj", "{85758762-50E6-48B4-BF39-8DEDE8803A45}"
EndProject
Global
	GlobalSection(SolutionConfigurationPlatforms) = preSolution
		Debug|Any CPU = Debug|Any CPU
		Release|Any CPU = Release|Any CPU
	EndGlobalSection
	GlobalSection(ProjectConfigurationPlatforms) = postSolution
		{CF92954F-E78F-453B-9F1C-3E3C7E39A4AA}.Debug|Any CPU.ActiveCfg = Debug|Any CPU
		{CF92954F-E78F-453B-9F1C-3E3C7E39A4AA}.Debug|Any CPU.Build.0 = Debug|Any CPU
		{CF92954F-E78F-453B-9F1C-3E3C7E39A4AA}.Release|Any CPU.ActiveCfg = Release|Any CPU
		{CF92954F-E78F-453B-9F1C-3E3C7E39A4AA}.Release|Any CPU.Build.0 = Release|Any CPU
		{26D829C1-6722-4BA8-9DCB-4DCE6A735F07}.Debug|Any CPU.ActiveCfg = Debug|Any CPU
		{26D829C1-6722-4BA8-9DCB-4DCE6A735F07}.Debug|Any CPU.Build.0 = Debug|Any CPU
		{26D829C1-6722-4BA8-9DCB-4DCE6A735F07}.Release|Any CPU.ActiveCfg = Release|Any CPU
		{26D829C1-6722-4BA8-9DCB-4DCE6A735F07}.Release|Any CPU.Build.0 = Release|Any CPU
		{57211EBE-5EB3-4D5E-A42D-27D9F3A30B6C}.Debug|Any CPU.ActiveCfg = Debug|Any CPU
		{57211EBE-5EB3-4D5E-A42D-27D9F3A30B6C}.Debug|Any CPU.Build.0 = Debug|Any CPU
		{57211EBE-5EB3-4D5E-A42D-27D9F3A30B6C}.Release|Any CPU.ActiveCfg = Release|Any CPU
		{57211EBE-5EB3-4D5E-A42D-27D9F3A30B6C}.Release|Any CPU.Build.0 = Release|Any CPU
		{EE0BBB1D-CDB7-4EDA-9694-72C7E86A152B}.Debug|Any CPU.ActiveCfg = Debug|Any CPU
		{EE0BBB1D-CDB7-4EDA-9694-72C7E86A152B}.Debug|Any CPU.Build.0 = Debug|Any CPU
		{EE0BBB1D-CDB7-4EDA-9694-72C7E86A152B}.Release|Any CPU.ActiveCfg = Release|Any CPU
		{EE0BBB1D-CDB7-4EDA-9694-72C7E86A152B}.Release|Any CPU.Build.0 = Release|Any CPU
		{85758762-50E6-48B4-BF39-8DEDE8803A45}.Debug|Any CPU.ActiveCfg = Debug|Any CPU
		{85758762-50E6-48B4-BF39-8DEDE8803A45}.Debug|Any CPU.Build.0 = Debug|Any CPU
		{85758762-50E6-48B4-BF39-8DEDE8803A45}.Release|Any CPU.ActiveCfg = Release|Any CPU
		{85758762-50E6-48B4-BF39-8DEDE8803A45}.Release|Any CPU.Build.0 = Release|Any CPU
	EndGlobalSection
	GlobalSection(SolutionProperties) = preSolution
		HideSolutionNode = FALSE
	EndGlobalSection
	GlobalSection(ExtensibilityGlobals) = postSolution
		SolutionGuid = {CDA46453-9672-41BA-AA6A-B179CDB8D999}
	EndGlobalSection
EndGlobal
